
Microsoft Visual Studio Solution File, Format Version 12.00
# Visual Studio Version 17
VisualStudioVersion = 17.10.35004.147
MinimumVisualStudioVersion = 10.0.40219.1
Project("{FAE04EC0-301F-11D3-BF4B-00C04F79EFBC}") = "School.Data", "School.Data\School.Data.csproj", "{55A76DE7-F8B6-462C-B756-3EB533202655}"
EndProject
Project("{FAE04EC0-301F-11D3-BF4B-00C04F79EFBC}") = "School.Web", "School.Web\School.Web.csproj", "{9EA0A307-A12C-4FEF-94E3-889A274E532A}"
EndProject
Project("{FAE04EC0-301F-11D3-BF4B-00C04F79EFBC}") = "School.Data.Test", "School.Data.Test\School.Data.Test.csproj", "{540FAEDF-445E-4CDB-AD79-96AFC3E608DD}"
EndProject
Global
	GlobalSection(SolutionConfigurationPlatforms) = preSolution
		Debug|Any CPU = Debug|Any CPU
		Release|Any CPU = Release|Any CPU
	EndGlobalSection
	GlobalSection(ProjectConfigurationPlatforms) = postSolution
		{55A76DE7-F8B6-462C-B756-3EB533202655}.Debug|Any CPU.ActiveCfg = Debug|Any CPU
		{55A76DE7-F8B6-462C-B756-3EB533202655}.Debug|Any CPU.Build.0 = Debug|Any CPU
		{55A76DE7-F8B6-462C-B756-3EB533202655}.Release|Any CPU.ActiveCfg = Release|Any CPU
		{55A76DE7-F8B6-462C-B756-3EB533202655}.Release|Any CPU.Build.0 = Release|Any CPU
		{9EA0A307-A12C-4FEF-94E3-889A274E532A}.Debug|Any CPU.ActiveCfg = Debug|Any CPU
		{9EA0A307-A12C-4FEF-94E3-889A274E532A}.Debug|Any CPU.Build.0 = Debug|Any CPU
		{9EA0A307-A12C-4FEF-94E3-889A274E532A}.Release|Any CPU.ActiveCfg = Release|Any CPU
		{9EA0A307-A12C-4FEF-94E3-889A274E532A}.Release|Any CPU.Build.0 = Release|Any CPU
		{540FAEDF-445E-4CDB-AD79-96AFC3E608DD}.Debug|Any CPU.ActiveCfg = Debug|Any CPU
		{540FAEDF-445E-4CDB-AD79-96AFC3E608DD}.Debug|Any CPU.Build.0 = Debug|Any CPU
		{540FAEDF-445E-4CDB-AD79-96AFC3E608DD}.Release|Any CPU.ActiveCfg = Release|Any CPU
		{540FAEDF-445E-4CDB-AD79-96AFC3E608DD}.Release|Any CPU.Build.0 = Release|Any CPU
	EndGlobalSection
	GlobalSection(SolutionProperties) = preSolution
		HideSolutionNode = FALSE
	EndGlobalSection
	GlobalSection(ExtensibilityGlobals) = postSolution
		SolutionGuid = {BC6C67DB-9036-46EB-B05D-90E7A93F9662}
	EndGlobalSection
EndGlobal
